
Microsoft Visual Studio Solution File, Format Version 12.00
# Visual Studio Version 16
VisualStudioVersion = 16.0.32126.315
MinimumVisualStudioVersion = 10.0.40219.1
Project("{8BC9CEB8-8B4A-11D0-8D11-00A0C91BC942}") = "7-1_Project2_FredWahab", "7-1_Project2_FredWahab.vcxproj", "{EBFD9637-201C-48B3-AC83-7BB52EA37B25}"
EndProject
Global
	GlobalSection(SolutionConfigurationPlatforms) = preSolution
		Debug|x64 = Debug|x64
		Debug|x86 = Debug|x86
		Release|x64 = Release|x64
		Release|x86 = Release|x86
	EndGlobalSection
	GlobalSection(ProjectConfigurationPlatforms) = postSolution
		{EBFD9637-201C-48B3-AC83-7BB52EA37B25}.Debug|x64.ActiveCfg = Debug|x64
		{EBFD9637-201C-48B3-AC83-7BB52EA37B25}.Debug|x64.Build.0 = Debug|x64
		{EBFD9637-201C-48B3-AC83-7BB52EA37B25}.Debug|x86.ActiveCfg = Debug|Win32
		{EBFD9637-201C-48B3-AC83-7BB52EA37B25}.Debug|x86.Build.0 = Debug|Win32
		{EBFD9637-201C-48B3-AC83-7BB52EA37B25}.Release|x64.ActiveCfg = Release|x64
		{EBFD9637-201C-48B3-AC83-7BB52EA37B25}.Release|x64.Build.0 = Release|x64
		{EBFD9637-201C-48B3-AC83-7BB52EA37B25}.Release|x86.ActiveCfg = Release|Win32
		{EBFD9637-201C-48B3-AC83-7BB52EA37B25}.Release|x86.Build.0 = Release|Win32
	EndGlobalSection
	GlobalSection(SolutionProperties) = preSolution
		HideSolutionNode = FALSE
	EndGlobalSection
	GlobalSection(ExtensibilityGlobals) = postSolution
		SolutionGuid = {369E74E4-05E1-46B8-851C-B1B8EE706747}
	EndGlobalSection
EndGlobal
